
Microsoft Visual Studio Solution File, Format Version 12.00
# Visual Studio Version 17
VisualStudioVersion = 17.14.36221.1 d17.14
MinimumVisualStudioVersion = 10.0.40219.1
Project("{FAE04EC0-301F-11D3-BF4B-00C04F79EFBC}") = "GameCube Backup Manager", "GameCube Backup Manager\GameCube Backup Manager.csproj", "{3567DF5F-85E2-43E7-902C-DBD8DD488A92}"
EndProject
Global
	GlobalSection(SolutionConfigurationPlatforms) = preSolution
		Debug|Any CPU = Debug|Any CPU
		Release|Any CPU = Release|Any CPU
	EndGlobalSection
	GlobalSection(ProjectConfigurationPlatforms) = postSolution
		{3567DF5F-85E2-43E7-902C-DBD8DD488A92}.Debug|Any CPU.ActiveCfg = Debug|Any CPU
		{3567DF5F-85E2-43E7-902C-DBD8DD488A92}.Debug|Any CPU.Build.0 = Debug|Any CPU
		{3567DF5F-85E2-43E7-902C-DBD8DD488A92}.Release|Any CPU.ActiveCfg = Release|Any CPU
		{3567DF5F-85E2-43E7-902C-DBD8DD488A92}.Release|Any CPU.Build.0 = Release|Any CPU
	EndGlobalSection
	GlobalSection(SolutionProperties) = preSolution
		HideSolutionNode = FALSE
	EndGlobalSection
	GlobalSection(ExtensibilityGlobals) = postSolution
		SolutionGuid = {17C0E978-DA40-4C1F-94EA-B38F12FDC4D7}
	EndGlobalSection
EndGlobal
